
Microsoft Visual Studio Solution File, Format Version 12.00
# Visual Studio 15
VisualStudioVersion = 15.0.27703.2042
MinimumVisualStudioVersion = 10.0.40219.1
Project("{FAE04EC0-301F-11D3-BF4B-00C04F79EFBC}") = "BaiTapLon", "BaiTapLop\BaiTapLon.csproj", "{57C0CD00-83D4-4516-8AF9-8EC68535AB95}"
EndProject
Global
	GlobalSection(SolutionConfigurationPlatforms) = preSolution
		Debug|Any CPU = Debug|Any CPU
		Release|Any CPU = Release|Any CPU
	EndGlobalSection
	GlobalSection(ProjectConfigurationPlatforms) = postSolution
		{57C0CD00-83D4-4516-8AF9-8EC68535AB95}.Debug|Any CPU.ActiveCfg = Debug|Any CPU
		{57C0CD00-83D4-4516-8AF9-8EC68535AB95}.Debug|Any CPU.Build.0 = Debug|Any CPU
		{57C0CD00-83D4-4516-8AF9-8EC68535AB95}.Release|Any CPU.ActiveCfg = Release|Any CPU
		{57C0CD00-83D4-4516-8AF9-8EC68535AB95}.Release|Any CPU.Build.0 = Release|Any CPU
	EndGlobalSection
	GlobalSection(SolutionProperties) = preSolution
		HideSolutionNode = FALSE
	EndGlobalSection
	GlobalSection(ExtensibilityGlobals) = postSolution
		SolutionGuid = {047A989B-94CE-4F51-81DE-FBD665A18673}
	EndGlobalSection
EndGlobal
